
Microsoft Visual Studio Solution File, Format Version 12.00
# Visual Studio Version 16
VisualStudioVersion = 16.0.30804.86
MinimumVisualStudioVersion = 10.0.40219.1
Project("{9A19103F-16F7-4668-BE54-9A1E7A4F7556}") = "Inventory", "Inventory\Inventory.csproj", "{FBFCC218-C4CC-474D-988C-C28FA61BE5C4}"
EndProject
Project("{9A19103F-16F7-4668-BE54-9A1E7A4F7556}") = "Entities2", "Entities2\Entities2.csproj", "{1E32952C-F479-43DE-9EA8-5ACD4F3A4DC3}"
EndProject
Project("{9A19103F-16F7-4668-BE54-9A1E7A4F7556}") = "DataAccess", "DataAccess\DataAccess.csproj", "{E8C55C55-71A8-4764-BD8C-DFBB27772AC9}"
EndProject
Project("{9A19103F-16F7-4668-BE54-9A1E7A4F7556}") = "Business", "Business\Business.csproj", "{4F2A1B7D-E304-4EBC-9236-84837368B5A7}"
EndProject
Global
	GlobalSection(SolutionConfigurationPlatforms) = preSolution
		Debug|Any CPU = Debug|Any CPU
		Release|Any CPU = Release|Any CPU
	EndGlobalSection
	GlobalSection(ProjectConfigurationPlatforms) = postSolution
		{FBFCC218-C4CC-474D-988C-C28FA61BE5C4}.Debug|Any CPU.ActiveCfg = Debug|Any CPU
		{FBFCC218-C4CC-474D-988C-C28FA61BE5C4}.Debug|Any CPU.Build.0 = Debug|Any CPU
		{FBFCC218-C4CC-474D-988C-C28FA61BE5C4}.Release|Any CPU.ActiveCfg = Release|Any CPU
		{FBFCC218-C4CC-474D-988C-C28FA61BE5C4}.Release|Any CPU.Build.0 = Release|Any CPU
		{1E32952C-F479-43DE-9EA8-5ACD4F3A4DC3}.Debug|Any CPU.ActiveCfg = Debug|Any CPU
		{1E32952C-F479-43DE-9EA8-5ACD4F3A4DC3}.Debug|Any CPU.Build.0 = Debug|Any CPU
		{1E32952C-F479-43DE-9EA8-5ACD4F3A4DC3}.Release|Any CPU.ActiveCfg = Release|Any CPU
		{1E32952C-F479-43DE-9EA8-5ACD4F3A4DC3}.Release|Any CPU.Build.0 = Release|Any CPU
		{E8C55C55-71A8-4764-BD8C-DFBB27772AC9}.Debug|Any CPU.ActiveCfg = Debug|Any CPU
		{E8C55C55-71A8-4764-BD8C-DFBB27772AC9}.Debug|Any CPU.Build.0 = Debug|Any CPU
		{E8C55C55-71A8-4764-BD8C-DFBB27772AC9}.Release|Any CPU.ActiveCfg = Release|Any CPU
		{E8C55C55-71A8-4764-BD8C-DFBB27772AC9}.Release|Any CPU.Build.0 = Release|Any CPU
		{4F2A1B7D-E304-4EBC-9236-84837368B5A7}.Debug|Any CPU.ActiveCfg = Debug|Any CPU
		{4F2A1B7D-E304-4EBC-9236-84837368B5A7}.Debug|Any CPU.Build.0 = Debug|Any CPU
		{4F2A1B7D-E304-4EBC-9236-84837368B5A7}.Release|Any CPU.ActiveCfg = Release|Any CPU
		{4F2A1B7D-E304-4EBC-9236-84837368B5A7}.Release|Any CPU.Build.0 = Release|Any CPU
	EndGlobalSection
	GlobalSection(SolutionProperties) = preSolution
		HideSolutionNode = FALSE
	EndGlobalSection
	GlobalSection(ExtensibilityGlobals) = postSolution
		SolutionGuid = {17AFC15F-8A8C-4708-B991-692767AEB7F4}
	EndGlobalSection
EndGlobal
